version = 1
revision = 1
requires-python = ">=3.10"
resolution-markers = [
    "python_full_version >= '3.12'",
    "python_full_version == '3.11.*'",
    "python_full_version < '3.11'",
]

[[package]]
name = "astroid"
version = "4.0.4"
source = { registry = "https://pypi.org/simple" }
dependencies = [
    { name = "typing-extensions", marker = "python_full_version < '3.11'" },
]
sdist = { url = "https://files.pythonhosted.org/packages/07/63/0adf26577da5eff6eb7a177876c1cfa213856be9926a000f65c4add9692b/astroid-4.0.4.tar.gz", hash = "sha256:986fed8bcf79fb82c78b18a53352a0b287a73817d6dbcfba3162da36667c49a0", size = 406358 }
wheels = [
    { url = "https://files.pythonhosted.org/packages/b0/cf/1c5f42b110e57bc5502eb80dbc3b03d256926062519224835ef08134f1f9/astroid-4.0.4-py3-none-any.whl", hash = "sha256:52f39653876c7dec3e3afd4c2696920e05c83832b9737afc21928f2d2eb7a753", size = 276445 },
]

[[package]]
name = "colorama"
version = "0.4.6"
source = { registry = "https://pypi.org/simple" }
sdist = { url = "https://files.pythonhosted.org/packages/d8/53/6f443c9a4a8358a93a6792e2acffb9d9d5cb0a5cfd8802644b7b1c9a02e4/colorama-0.4.6.tar.gz", hash = "sha256:08695f5cb7ed6e0531a20572697297273c47b8cae5a63ffc6d6ed5c201be6e44", size = 27697 }
wheels = [
    { url = "https://files.pythonhosted.org/packages/d1/d6/3965ed04c63042e047cb6a3e6ed1a63a35087b6a609aa3a15ed8ac56c221/colorama-0.4.6-py2.py3-none-any.whl", hash = "sha256:4f1d9991f5acc0ca119f9d443620b77f9d6b33703e51011c16baf57afb285fc6", size = 25335 },
]

[[package]]
name = "dill"
version = "0.4.1"
source = { registry = "https://pypi.org/simple" }
sdist = { url = "https://files.pythonhosted.org/packages/81/e1/56027a71e31b02ddc53c7d65b01e68edf64dea2932122fe7746a516f75d5/dill-0.4.1.tar.gz", hash = "sha256:423092df4182177d4d8ba8290c8a5b640c66ab35ec7da59ccfa00f6fa3eea5fa", size = 187315 }
wheels = [
    { url = "https://files.pythonhosted.org/packages/1e/77/dc8c558f7593132cf8fefec57c4f60c83b16941c574ac5f619abb3ae7933/dill-0.4.1-py3-none-any.whl", hash = "sha256:1e1ce33e978ae97fcfcff5638477032b801c46c7c65cf717f95fbc2248f79a9d", size = 120019 },
]

[[package]]
name = "github-workflow-example"
version = "0.1.0"
source = { virtual = "." }

[package.dev-dependencies]
lint = [
    { name = "pylint" },
    { name = "pyrefly" },
    { name = "ruff" },
]

[package.metadata]

[package.metadata.requires-dev]
lint = [
    { name = "pylint" },
    { name = "pyrefly" },
    { name = "ruff" },
]

[[package]]
name = "isort"
version = "9.0.1"
source = { registry = "https://pypi.org/simple" }
dependencies = [
    { name = "mypy-extensions" },
]
sdist = { url = "https://files.pythonhosted.org/packages/e6/43/067e17bfa10b6486b408d5294105ac894149a9abb94b338568b1f53a73c9/isort-9.0.1.tar.gz", hash = "sha256:ba23db109e3e93ef1999f7209a651214994cd807801addd16ac485982eb4edd7", size = 667724 }
wheels = [
    { url = "https://files.pythonhosted.org/packages/4a/b4/fb7ca366a5352410787d71d19c039895d30123f521d6abfcb72e67773833/isort-9.0.1-cp310-cp310-macosx_11_0_arm64.whl", hash = "sha256:2f41e40246742970db0227a2afb2d7da872bddd888826cf182c0916993fadb43", size = 1055175 },
    { url = "https://files.pythonhosted.org/packages/86/6f/4cf28199d975ffd99b9986cd07a57c224bfaa490d0f34a22c3ae3a6f86d0/isort-9.0.1-cp310-cp310-manylinux2014_x86_64.manylinux_2_17_x86_64.manylinux_2_28_x86_64.whl", hash = "sha256:98d48ad47f705ac7f046cfaab0a11320ed0b903243ccb850347229414a364d28", size = 1604147 },
    { url = "https://files.pythonhosted.org/packages/a8/72/1c58ce806fac5817e239795f452fba314b9f874823c8b7cf3b726194cf7f/isort-9.0.1-cp310-cp310-musllinux_1_2_x86_64.whl", hash = "sha256:c08b2989a16a46e97af652266ee8af617eb5b1bfa3195cc921cc0dc66b485d10", size = 1593153 },
    { url = "https://files.pythonhosted.org/packages/57/e3/03c082f9a643bfdebd7a930c8b8a4077284eccea64b8d974ec29cfb2f34a/isort-9.0.1-cp310-cp310-win_amd64.whl", hash = "sha256:77f4b984ab3badbbf2363c849b92465e0f69e8fc54d1a932c87532a559269397", size = 864045 },
    { url = "https://files.pythonhosted.org/packages/20/79/f73cc50a8749f17246372fe7d9398a8e0195cf5fb8b9955f59baa3c6e597/isort-9.0.1-cp311-cp311-macosx_11_0_arm64.whl", hash = "sha256:9dd4664ad009552bc4c9f464bd31190d0f04132412ee4d9392145fdf58d92127", size = 1039913 },
    { url = "https://files.pythonhosted.org/packages/b0/92/bf89a5b76464685256bdcc866705d5cd5a07de5babef02a4519af55cb3ca/isort-9.0.1-cp311-cp311-manylinux2014_x86_64.manylinux_2_17_x86_64.manylinux_2_28_x86_64.whl", hash = "sha256:fb7d55156a1f766a2b097165524f07be61ececa41a71ca33d24a00777f79a829", size = 1575299 },
    { url = "https://files.pythonhosted.org/packages/5f/23/e05939b0f1254488476929b998464ce69205f769de64beacaedeb47e1a45/isort-9.0.1-cp311-cp311-musllinux_1_2_x86_64.whl", hash = "sha256:771d5b7385292a0b2106229b792b8750954bbaf231e0475b1f53f1dd43e00936", size = 1559017 },
    { url = "https://files.pythonhosted.org/packages/f9/1f/f6a0c7d968322b23d248ec5ae3262bcae9ee57926cace0d1f99dfdb50b22/isort-9.0.1-cp311-cp311-win_amd64.whl", hash = "sha256:1878b5165b0db434c0c62373a81a111e1afffb373f20e57bd2020ebdbaa36808", size = 864877 },
    { url = "https://files.pythonhosted.org/packages/b1/bd/7221ab6fa6912487953334a9953dcc11816f8568e8d1fec07cda0bc01d87/isort-9.0.1-cp312-cp312-macosx_11_0_arm64.whl", hash = "sha256:c3ce022ccedf63aa5fc77bd0e926b8561a1476c9709d7cedf63abd7967772aac", size = 1045272 },
    { url = "https://files.pythonhosted.org/packages/65/3e/ef6f9247dd0b7faad0450883808c94b94f22fc254524b5b05b5c6c4f94b2/isort-9.0.1-cp312-cp312-manylinux2014_x86_64.manylinux_2_17_x86_64.manylinux_2_28_x86_64.whl", hash = "sha256:7a75d4c21d8b93345a2743b96cc75c6f085aa89ddbaadd6edd5e9765be12ab77", size = 1659645 },
    { url = "https://files.pythonhosted.org/packages/49/16/4f791073e6f91f8e9442ed7eb370886a0f0a52c9dadba540fcd24b4c2074/isort-9.0.1-cp312-cp312-musllinux_1_2_x86_64.whl", hash = "sha256:f6877ed17054eae153d686270678b11c1f6cb79433a1c07453140cccbaf7cc1d", size = 1649411 },
    { url = "https://files.pythonhosted.org/packages/1f/17/28a06514565129fbb225138045323fb2876aaf871cf77f5976e62e5624bc/isort-9.0.1-cp312-cp312-win_amd64.whl", hash = "sha256:182918b730772292d33564a6ac5b201ca2bb79a8ad2ac77e7681ecc0f19a8f84", size = 871297 },
    { url = "https://files.pythonhosted.org/packages/e1/65/aba682b6d0853de85f5bb5c18f0269d2980760783f5144dfcded6b8a1f14/isort-9.0.1-cp313-cp313-macosx_11_0_arm64.whl", hash = "sha256:67680927f739d4b48d67d8b7430faa92c95b02fb6075ca0351c6446214f6c7bb", size = 1021693 },
    { url = "https://files.pythonhosted.org/packages/d7/bb/7025f3606b42f7db084fa234d61462a73443af166ecf7c1a0e8e3b448433/isort-9.0.1-cp313-cp313-manylinux2014_x86_64.manylinux_2_17_x86_64.manylinux_2_28_x86_64.whl", hash = "sha256:3727eb33a9759649346481cf2a9287d656a170c31ed7c105856f9c6f5b539756", size = 1648575 },
    { url = "https://files.pythonhosted.org/packages/47/78/a92b09507565f8bd27eb72a7df3ba59a1ea0a5baacbf155c587d0be51a13/isort-9.0.1-cp313-cp313-musllinux_1_2_x86_64.whl", hash = "sha256:466b0c3f156a21c10edefba697e641666bc26ffb0122bf08b42caa3d464c20aa", size = 1639624 },
    { url = "https://files.pythonhosted.org/packages/52/ba/f5efd28563bc751792a7a1f64ae73db57dcbfa0563dc3e0cbbd825a48252/isort-9.0.1-cp313-cp313-pyemscripten_2025_0_wasm32.whl", hash = "sha256:5832683294dd61c59d00cd043a68d42f6ecd7dc7d04b73ac777f7f90a534d6ae", size = 457708 },
    { url = "https://files.pythonhosted.org/packages/53/d6/a776ea214de5403f038b182e1d5fd2211d0cee41f2c62ac9f2f9a0ecc463/isort-9.0.1-cp313-cp313-win_amd64.whl", hash = "sha256:7281cdf538f682b8d75fa44bcdad1b299036bbc440855f7d61412b3b85d5727d", size = 874790 },
    { url = "https://files.pythonhosted.org/packages/db/42/d75a674a7fcbbf4374cd358b8529535d3c59e0ab6acc164b6862acb95058/isort-9.0.1-cp314-cp314-macosx_11_0_arm64.whl", hash = "sha256:7ea5f505b152fedd2b990b39d8b76108a48b355da874025aad4982e8ceeb0f3d", size = 1020950 },
    { url = "https://files.pythonhosted.org/packages/2b/b6/04d74c7c42b9af1c0d47f34a79722dbbcff71bae3765c9250376ebd44ec5/isort-9.0.1-cp314-cp314-manylinux2014_x86_64.manylinux_2_17_x86_64.manylinux_2_28_x86_64.whl", hash = "sha256:873cf1b6371d41e2a74d57d7c0176d311822f0415441abf8251ad074c9fe4a66", size = 1653678 },
    { url = "https://files.pythonhosted.org/packages/53/6c/621969c0cde272b7a183484589cc9f28132775d78fd708c231fd292c7abd/isort-9.0.1-cp314-cp314-musllinux_1_2_x86_64.whl", hash = "sha256:99b7bc28b1f05f7e3267629043a99c6c479a750df3689327a10324e396827f94", size = 1645589 },
    { url = "https://files.pythonhosted.org/packages/8c/26/e3db1ae5d5fbe9e2dff0c6a0b2b9dda07a742ede20f8fbc7d78d5d73f472/isort-9.0.1-cp314-cp314-pyemscripten_2026_0_wasm32.whl", hash = "sha256:89ebbcdbdd9d66cc14909bbac36acb9db29f37325606113c9f270242f8a1f896", size = 457029 },
    { url = "https://files.pythonhosted.org/packages/b8/f2/b9cf816c8dfd5d9066b65a2f738f8d03fb0f6001bcffa3d436cfdbe1b421/isort-9.0.1-cp314-cp314-win_amd64.whl", hash = "sha256:2057236a764f31c78dac78f7343057621fcc2fd40461ce61061f34fd09066f46", size = 894580 },
    { url = "https://files.pythonhosted.org/packages/9b/d7/e5e9e477ff7ec9f75b4c07b25aef10814775200c1e90bc9acbb788def54a/isort-9.0.1-cp314-cp314t-macosx_11_0_arm64.whl", hash = "sha256:5e72a7063570f1d740f0284c7ae5739dc34c6a2d9f1049b13027a5bdadb56682", size = 1088685 },
    { url = "https://files.pythonhosted.org/packages/96/6f/915effa62cdcdc757bd0c567ee4d611c7a73ce7da097c820b3b2f340c2f7/isort-9.0.1-cp314-cp314t-manylinux2014_x86_64.manylinux_2_17_x86_64.manylinux_2_28_x86_64.whl", hash = "sha256:c2525606f62742fc4ed9f8ca89043b9522ac3e6f9c9892e6cb16f4870d937f38", size = 1863445 },
    { url = "https://files.pythonhosted.org/packages/e5/d4/af84d711cda084ddcb7a01a3d6a2608542c16ae7d418d99169b7deb775a4/isort-9.0.1-cp314-cp314t-musllinux_1_2_x86_64.whl", hash = "sha256:e3a2697ebcb54b51af4833de44447dbf31ddf081c5f163772092d21c0267483b", size = 1878639 },
    { url = "https://files.pythonhosted.org/packages/58/d0/d77ec7d1c648a0b92ea6a8da3591a342550404af98a338106278a872ea1a/isort-9.0.1-cp314-cp314t-win_amd64.whl", hash = "sha256:fd326823ddbe338357ba1823b7f96481d4421d54c83ebd43c92f1b51314a24ae", size = 919565 },
    { url = "https://files.pythonhosted.org/packages/72/d8/9963610d22fa55cbbd3c141a350f7011dd1023be9d3ba06212053c3639c6/isort-9.0.1-cp315-cp315-macosx_11_0_arm64.whl", hash = "sha256:5022b332ac91ccb39dc28bb206d5ae96ae7f8d45e710b072cb039b2fcda6602a", size = 1020254 },
    { url = "https://files.pythonhosted.org/packages/11/20/9f22f2574d94cc2b86f7c1764a186843ed19e7215666b57b10935335614f/isort-9.0.1-cp315-cp315-manylinux2014_x86_64.manylinux_2_17_x86_64.manylinux_2_28_x86_64.whl", hash = "sha256:930879e4cfab3264f1d7346abeec10726b5382dc4be9f4251c25ec7fa057926b", size = 1667500 },
    { url = "https://files.pythonhosted.org/packages/5e/4a/5a46b814d7fa49fc778e65a6703e4bb4d60149e01574afd7366b5ac7a1dc/isort-9.0.1-cp315-cp315-musllinux_1_2_x86_64.whl", hash = "sha256:825c05d2d63a1b9c608c352503c10b6411a3c6e12bcacc97b306774ee379786f", size = 1655914 },
    { url = "https://files.pythonhosted.org/packages/a7/09/b575e1837f3b182c97f937cf39cb55b3942f44dedfec4303403e4aa9bbd0/isort-9.0.1-cp315-cp315-pyemscripten_2026_5_wasm32.whl", hash = "sha256:cc9814ce2ee42c17007d822455e4db55e32e589808ecfc2665d51c848d0bb30a", size = 457120 },
    { url = "https://files.pythonhosted.org/packages/65/60/3c73139b71b7031caf54aa098bc589b18374533b5f96f31c541b36112896/isort-9.0.1-cp315-cp315-win_amd64.whl", hash = "sha256:1b8d6c836fb83232f5f4c1c037d332caf743bb24dca63167bad9174ae13e150e", size = 894525 },
    { url = "https://files.pythonhosted.org/packages/e5/27/5c17d4c8239a33a876f91e52426cc0d3fc75eb8438f34c40f403998057ac/isort-9.0.1-cp315-cp315t-macosx_11_0_arm64.whl", hash = "sha256:2fb33e0c0f9f87821acf6d82c83f0a0c7e54680fdf3fe4131409d2b95901f00a", size = 1088576 },
    { url = "https://files.pythonhosted.org/packages/32/9b/9e80dee125b3d1208fb89afa380cae6fdfac660ad682eb0139a8fd8d790a/isort-9.0.1-cp315-cp315t-manylinux2014_x86_64.manylinux_2_17_x86_64.manylinux_2_28_x86_64.whl", hash = "sha256:cdf765657edb2bcccbb1b20d26e710acbcb27379c0a407c6cb376e5619059a7b", size = 1853379 },
    { url = "https://files.pythonhosted.org/packages/34/43/f9f456c223ba34293ab28f736f00e26875b26913f24451e5a2938a8c4e02/isort-9.0.1-cp315-cp315t-musllinux_1_2_x86_64.whl", hash = "sha256:23d3b6657763f9be1b15bb9664b016abfce34849d6215a46a42af7945d4acd68", size = 1871162 },
    { url = "https://files.pythonhosted.org/packages/38/5c/17fedc2bee564bb13b50ed3cb2ce7d66dd8e09184fb45d7a263ebaaaa97e/isort-9.0.1-cp315-cp315t-win_amd64.whl", hash = "sha256:8f490acc182253d07071cc8255b57a281855e2e027b929a89eaa7c797f7b213e", size = 918269 },
    { url = "https://files.pythonhosted.org/packages/af/6e/4ec84f19b008864656b9f158bad006aa6346e754694aff47a7fa9ee65a19/isort-9.0.1-py3-none-any.whl", hash = "sha256:5aac7263b7a7f9f647f94fb6df2761ff5b60a7168eb492ff39dd30443207fa19", size = 103487 },
]

[[package]]
name = "mccabe"
version = "0.7.0"
source = { registry = "https://pypi.org/simple" }
sdist = { url = "https://files.pythonhosted.org/packages/e7/ff/0ffefdcac38932a54d2b5eed4e0ba8a408f215002cd178ad1df0f2806ff8/mccabe-0.7.0.tar.gz", hash = "sha256:348e0240c33b60bbdf4e523192ef919f28cb2c3d7d5c7794f74009290f236325", size = 9658 }
wheels = [
    { url = "https://files.pythonhosted.org/packages/27/1a/1f68f9ba0c207934b35b86a8ca3aad8395a3d6dd7921c0686e23853ff5a9/mccabe-0.7.0-py2.py3-none-any.whl", hash = "sha256:6c2d30ab6be0e4a46919781807b4f0d834ebdd6c6e3dca0bda5a15f863427b6e", size = 7350 },
]

[[package]]
name = "mypy-extensions"
version = "1.1.0"
source = { registry = "https://pypi.org/simple" }
sdist = { url = "https://files.pythonhosted.org/packages/a2/6e/371856a3fb9d31ca8dac321cda606860fa4548858c0cc45d9d1d4ca2628b/mypy_extensions-1.1.0.tar.gz", hash = "sha256:52e68efc3284861e772bbcd66823fde5ae21fd2fdb51c62a211403730b916558", size = 6343 }
wheels = [
    { url = "https://files.pythonhosted.org/packages/79/7b/2c79738432f5c924bef5071f933bcc9efd0473bac3b4aa584a6f7c1c8df8/mypy_extensions-1.1.0-py3-none-any.whl", hash = "sha256:1be4cccdb0f2482337c4743e60421de3a356cd97508abadd57d47403e94f5505", size = 4963 },
]

[[package]]
name = "platformdirs"
version = "4.11.13"
source = { registry = "https://pypi.org/simple" }
sdist = { url = "https://files.pythonhosted.org/packages/53/0e/7be2983c52622d6c0899300f760e31ba143355cedf1afcb3e65689d5ca85/platformdirs-4.11.13.tar.gz", hash = "sha256:6985eefdc2298693e4ce1fe124645524cb967428eb6384e0ce5b49767e7ea8ba", size = 40415 }
wheels = [
    { url = "https://files.pythonhosted.org/packages/29/a6/76a492f6a937e196641b3abd1588c504c71438e243daf1bebde4d3bb8ee9/platformdirs-4.11.13-py3-none-any.whl", hash = "sha256:228b2283af5c1f32673cdf55271216a52bbd8258cb31374e302ad7bd26cd7513", size = 25054 },
]

[[package]]
name = "pylint"
version = "4.0.9"
source = { registry = "https://pypi.org/simple" }
dependencies = [
    { name = "astroid" },
    { name = "colorama", marker = "sys_platform == 'win32'" },
    { name = "dill" },
    { name = "isort" },
    { name = "mccabe" },
    { name = "platformdirs" },
    { name = "tomli", marker = "python_full_version < '3.11'" },
    { name = "tomlkit" },
]
sdist = { url = "https://files.pythonhosted.org/packages/e0/5e/d5ec2c861010cf8577a3e5baaf2405fdf1004f1657d9245c4efb006c1dfd/pylint-4.0.9.tar.gz", hash = "sha256:6f1305780229ae720e89b8aff2b3ff857cbb268fbab98c8b586960267667ad34", size = 1604187 }
wheels = [
    { url = "https://files.pythonhosted.org/packages/66/46/12e94ae1f9db89152223bdb17920b12c79e94ac51e19dce1da9fb63627b0/pylint-4.0.9-py3-none-any.whl", hash = "sha256:c4ba5bbaf1e70ecf05f08cd7d6091ea04824b79a2b2d9f5b10dc25fc34cb1124", size = 542068 },
]

[[package]]
name = "pyrefly"
version = "1.3.1"
source = { registry = "https://pypi.org/simple" }
sdist = { url = "https://files.pythonhosted.org/packages/4c/7e/082cc1b392318bacfbc087732524f3e089e9e7fe45b7645c4649b6f1f1e9/pyrefly-1.3.1.tar.gz", hash = "sha256:b774f1dfac82867fc16fe2175d80a630e2a72a6835d5b7e492568d6bfb6b05e7", size = 6679145 }
wheels = [
    { url = "https://files.pythonhosted.org/packages/6b/bc/f09b5bd7eed796349bd93627aa2c3086df7ed0a114dafc3d2b2841599ee7/pyrefly-1.3.1-py3-none-macosx_10_12_x86_64.whl", hash = "sha256:0a2a7dfed824fb066aa8a7c8d856c152b98e998fb84b954d5f892fb9834c0bd1", size = 15090117 },
    { url = "https://files.pythonhosted.org/packages/78/24/a31e7de8e0f310c9f0753826d0df8b6a8ff86793941a6bd88ba24b735633/pyrefly-1.3.1-py3-none-macosx_11_0_arm64.whl", hash = "sha256:37a1a1fb41e7190fe3964a877875dd809d6ee2887809e2c3d6e5f25a69805bfd", size = 14430773 },
    { url = "https://files.pythonhosted.org/packages/75/e1/022352beb186f36d6213a95a975c42676ee418ff5e730629378d25564c5e/pyrefly-1.3.1-py3-none-manylinux_2_17_aarch64.manylinux2014_aarch64.whl", hash = "sha256:45b7650bc651a5a784701f2fb4f579da9a421c4d1b5fd91f9048f4529e46093c", size = 14877762 },
    { url = "https://files.pythonhosted.org/packages/19/2c/d62a1b445aad1fd46375b83393b8a67da53883aeeba73d269ce71b3e8fd1/pyrefly-1.3.1-py3-none-manylinux_2_17_i686.manylinux2014_i686.whl", hash = "sha256:ad57f38bc73679c14a5f62995a2bd3bc43649b7270c858487e2eab78a6f95362", size = 16118225 },
    { url = "https://files.pythonhosted.org/packages/32/67/3c3fa8a13e3ce8d8322ffb3627255a41a52261f17793e1a24e9214f10857/pyrefly-1.3.1-py3-none-manylinux_2_17_ppc64le.manylinux2014_ppc64le.whl", hash = "sha256:3506b1252e9f5d755d0693c5a46d46b85579d36534f6e22a41eb8e098d0dde90", size = 16051197 },
    { url = "https://files.pythonhosted.org/packages/19/d1/84f81b9e32288b5d11c75e006f67e0f6b78b85da575673bd1a21524c8172/pyrefly-1.3.1-py3-none-manylinux_2_17_x86_64.manylinux2014_x86_64.whl", hash = "sha256:39d5a17c1ad655e5f93a6e8e0be90b8db28c6015fe07d6ed4e054891c9e14ef8", size = 15440062 },
    { url = "https://files.pythonhosted.org/packages/46/3c/2aa0c5ad6a2957a728bb38cfab70d1e9cafad21b0b1c1d92df74a3cf22bd/pyrefly-1.3.1-py3-none-musllinux_1_2_aarch64.whl", hash = "sha256:c61e9dcf888beb81ca0e0c60ea4442640fdcf2f1f65bfe3d9f5d89b85516eb03", size = 14898534 },
    { url = "https://files.pythonhosted.org/packages/03/5d/2974f249fb2e285f966485719d977c5a2248cc4866403af94d935775ff15/pyrefly-1.3.1-py3-none-musllinux_1_2_x86_64.whl", hash = "sha256:a78eed1c53f37807f0e2997be8edbe833b91eb9915f2cb553a1bdcd599e7105c", size = 15477758 },
    { url = "https://files.pythonhosted.org/packages/68/79/d31f8f0abf5b0610ec24183286ee8a1ee5b76c9aaaa91091399d7e1aaf60/pyrefly-1.3.1-py3-none-win32.whl", hash = "sha256:ea0d0349f1bc80fe8e00a7b3640e40db7486398b685f87b9bd5d2207063668f0", size = 14133005 },
    { url = "https://files.pythonhosted.org/packages/3f/23/1859f47f536314755d80c4ec2a76d2698435ae8b73604bcd1dfa57ecb39b/pyrefly-1.3.1-py3-none-win_amd64.whl", hash = "sha256:4c24e7d99df9237916c33be23714219a7c8eaf22bad2ac0c3e1d45adcf7df8fb", size = 15066557 },
    { url = "https://files.pythonhosted.org/packages/92/2a/73e3721921c2bb2c950a9f8c362ee5e2367556b5d4416eb4f8f88503e66f/pyrefly-1.3.1-py3-none-win_arm64.whl", hash = "sha256:1ed85e2b957a78e93353125d890ce3668ce450e49b74025a15c87b6e8ec7f3d1", size = 14348209 },
]

[[package]]
name = "ruff"
version = "0.16.9"
source = { registry = "https://pypi.org/simple" }
sdist = { url = "https://files.pythonhosted.org/packages/96/bf/c935ca98e73fe8ce65b87ef08a280c0c1e85295d569228c15e87d8fdfaf1/ruff-0.16.9.tar.gz", hash = "sha256:12b625c6cfba78d285d9f48eda5f053374f1e53cb10ef17342a383750db99161", size = 4948764 }
wheels = [
    { url = "https://files.pythonhosted.org/packages/0d/26/df51322b52ee1ada7eff2d071ea09d11d5c2d1dcc9f02594f5785c4d1635/ruff-0.16.9-py3-none-linux_armv6l.whl", hash = "sha256:95e6f022090368ab3b824c36276839c53b2adf1a3f4c09fefc33dfc400f6da96", size = 10082922 },
    { url = "https://files.pythonhosted.org/packages/a5/27/7bf51f5a7aa375e9f339280a303aab44ca75dc1525f1cdc5991761685b0f/ruff-0.16.9-py3-none-macosx_10_12_x86_64.whl", hash = "sha256:a5f27be168556594a86d2f415db0cf43f5291917849318f873c7e2791f7a8c67", size = 10236360 },
    { url = "https://files.pythonhosted.org/packages/b6/63/09659283f92f02dff45809da194a70da2f688d87c55d8875c4fae3536072/ruff-0.16.9-py3-none-macosx_11_0_arm64.whl", hash = "sha256:1632eb1d6197f33bd00b1acbc5b71009e89a8895c158e2d2b03a834fac964ab6", size = 9892940 },
    { url = "https://files.pythonhosted.org/packages/24/58/98de1b72ec172f5f8f1731236fe21585b3998bf7dfe9fcc44ae9ba626012/ruff-0.16.9-py3-none-manylinux_2_17_aarch64.manylinux2014_aarch64.whl", hash = "sha256:b3f951b14d865d5952c89d40a5ca07e87abe24fa5453299878411e127748fb1c", size = 10032114 },
    { url = "https://files.pythonhosted.org/packages/c8/7d/f1e17c54ab59d4bad1dce8ee3e22a7a1d0ef4745240decacdcf3832b5bb2/ruff-0.16.9-py3-none-manylinux_2_17_armv7l.manylinux2014_armv7l.whl", hash = "sha256:447fc07e1573afff7cb02803462b12b6c8ece7cf10e2cd78565fa6d7a1c0bf8d", size = 9910227 },
    { url = "https://files.pythonhosted.org/packages/34/19/436f647a65075bbd3bab2668b3bdaa5120559b294694018cdcefabbbf30b/ruff-0.16.9-py3-none-manylinux_2_17_i686.manylinux2014_i686.whl", hash = "sha256:8a3e039a6a40ed976c491722b60e0ae4a4aa1a86057f540ee7a37a5d19ae9120", size = 10547484 },
    { url = "https://files.pythonhosted.org/packages/03/59/38430a6bc2f6d8095447ac39625cf8b6e9344a47e6c26225c8ba1bff3ffb/ruff-0.16.9-py3-none-manylinux_2_17_ppc64le.manylinux2014_ppc64le.whl", hash = "sha256:4684dded7db60aa57cb118fa158630f5feade4af5782903b6053484bdf9bd129", size = 11412367 },
    { url = "https://files.pythonhosted.org/packages/c8/bd/bbb6d7fc7f208c8b8c50dd5dc8206e4cfdb1e7a8fb852606a3adf370c880/ruff-0.16.9-py3-none-manylinux_2_17_s390x.manylinux2014_s390x.whl", hash = "sha256:d29c934357e45642fda2f34c0b1f4025b4a6c01e15e4bf0016879d60078a142c", size = 10869787 },
    { url = "https://files.pythonhosted.org/packages/bc/b8/9c543074918061abbefc3bd139bee22de35abedb00dde0f2d27288838962/ruff-0.16.9-py3-none-manylinux_2_17_x86_64.manylinux2014_x86_64.whl", hash = "sha256:a21713e629d3e5bdb2f5c2def1cc7f04f47fa8e1a7eb0571b4a28e1da64bc728", size = 10406494 },
    { url = "https://files.pythonhosted.org/packages/35/7a/5a8851bd146e7ccf8fd4b003f6c75c11f8fbdb0e60673b45097986b6bf41/ruff-0.16.9-py3-none-manylinux_2_31_riscv64.whl", hash = "sha256:7baa24ef5fc8e77aa93879e1d3f43754a01ae488e869f1ae30cf431afd4d2452", size = 10590083 },
    { url = "https://files.pythonhosted.org/packages/87/f0/4c3467188f23f806960b46fa76575a7cd0514c9ba90562650b71efc96980/ruff-0.16.9-py3-none-musllinux_1_2_aarch64.whl", hash = "sha256:a41aac6230aadfaa133bdfa1614488531ffa3e0837567ae04c0da2058a9c0f9e", size = 10119151 },
    { url = "https://files.pythonhosted.org/packages/15/34/5a4def5adea572ce6aea0bb64f21f928ee317b80e0db747d7979b01d7261/ruff-0.16.9-py3-none-musllinux_1_2_armv7l.whl", hash = "sha256:c2529fb5896d49115b0e9aa8f887490b34bbe76baf879ec2264ac59406869ce7", size = 9911544 },
    { url = "https://files.pythonhosted.org/packages/62/5d/d15ebea7499eef9373318c0ee6ca127832927c6529731f6d48e18dce7ca9/ruff-0.16.9-py3-none-musllinux_1_2_i686.whl", hash = "sha256:41e3870277694177429b56406d65dfbdb2c2802c52b715edaf6a0b829c69d4ee", size = 10269884 },
    { url = "https://files.pythonhosted.org/packages/d1/56/c5d3cd119ded7a3c7aba0e961b69cb3df701c91662c98ad694467d060ce1/ruff-0.16.9-py3-none-musllinux_1_2_x86_64.whl", hash = "sha256:8adbe4e58af167f767d7b2ba5e83c42e878350796cf78c2f5e14ab9903a92588", size = 10749366 },
    { url = "https://files.pythonhosted.org/packages/ac/fe/734ec7527029ac757ecf821f143c9f3fcf69149c21f53a044a899b430f5a/ruff-0.16.9-py3-none-win32.whl", hash = "sha256:0e1dbc2073624dee6618d41d0098690a7244654af746704b64759e12b6b6b385", size = 10152355 },
    { url = "https://files.pythonhosted.org/packages/14/21/26e4643629b3ebb44f0a06f9c9a53058d63d989415f63a9a3c28e2ee7f22/ruff-0.16.9-py3-none-win_amd64.whl", hash = "sha256:6bd40fec8cd4c8a3d4dd589bd8ad4e6320c13c29234159bfd959a40d529d597b", size = 10592965 },
    { url = "https://files.pythonhosted.org/packages/51/60/5fb1a39dbb5ae314d5f59bc7348a63c1d5c20f3cd83914c4b5cb0be31d2d/ruff-0.16.9-py3-none-win_arm64.whl", hash = "sha256:ed1a252039200f57a59eebc063b54beabea67bfbaaca0eeaa7f54b5fbcda2284", size = 10458649 },
]

[[package]]
name = "tomli"
version = "2.4.1"
source = { registry = "https://pypi.org/simple" }
sdist = { url = "https://files.pythonhosted.org/packages/22/de/48c59722572767841493b26183a0d1cc411d54fd759c5607c4590b6563a6/tomli-2.4.1.tar.gz", hash = "sha256:7c7e1a961a0b2f2472c1ac5b69affa0ae1132c39adcb67aba98568702b9cc23f", size = 17543 }
wheels = [
    { url = "https://files.pythonhosted.org/packages/f4/11/db3d5885d8528263d8adc260bb2d28ebf1270b96e98f0e0268d32b8d9900/tomli-2.4.1-cp311-cp311-macosx_10_9_x86_64.whl", hash = "sha256:f8f0fc26ec2cc2b965b7a3b87cd19c5c6b8c5e5f436b984e85f486d652285c30", size = 154704 },
    { url = "https://files.pythonhosted.org/packages/6d/f7/675db52c7e46064a9aa928885a9b20f4124ecb9bc2e1ce74c9106648d202/tomli-2.4.1-cp311-cp311-macosx_11_0_arm64.whl", hash = "sha256:4ab97e64ccda8756376892c53a72bd1f964e519c77236368527f758fbc36a53a", size = 149454 },
    { url = "https://files.pythonhosted.org/packages/61/71/81c50943cf953efa35bce7646caab3cf457a7d8c030b27cfb40d7235f9ee/tomli-2.4.1-cp311-cp311-manylinux2014_aarch64.manylinux_2_17_aarch64.manylinux_2_28_aarch64.whl", hash = "sha256:96481a5786729fd470164b47cdb3e0e58062a496f455ee41b4403be77cb5a076", size = 237561 },
    { url = "https://files.pythonhosted.org/packages/48/c1/f41d9cb618acccca7df82aaf682f9b49013c9397212cb9f53219e3abac37/tomli-2.4.1-cp311-cp311-manylinux2014_x86_64.manylinux_2_17_x86_64.manylinux_2_28_x86_64.whl", hash = "sha256:5a881ab208c0baf688221f8cecc5401bd291d67e38a1ac884d6736cbcd8247e9", size = 243824 },
    { url = "https://files.pythonhosted.org/packages/22/e4/5a816ecdd1f8ca51fb756ef684b90f2780afc52fc67f987e3c61d800a46d/tomli-2.4.1-cp311-cp311-musllinux_1_2_aarch64.whl", hash = "sha256:47149d5bd38761ac8be13a84864bf0b7b70bc051806bc3669ab1cbc56216b23c", size = 242227 },
    { url = "https://files.pythonhosted.org/packages/6b/49/2b2a0ef529aa6eec245d25f0c703e020a73955ad7edf73e7f54ddc608aa5/tomli-2.4.1-cp311-cp311-musllinux_1_2_x86_64.whl", hash = "sha256:ec9bfaf3ad2df51ace80688143a6a4ebc09a248f6ff781a9945e51937008fcbc", size = 247859 },
    { url = "https://files.pythonhosted.org/packages/83/bd/6c1a630eaca337e1e78c5903104f831bda934c426f9231429396ce3c3467/tomli-2.4.1-cp311-cp311-win32.whl", hash = "sha256:ff2983983d34813c1aeb0fa89091e76c3a22889ee83ab27c5eeb45100560c049", size = 97204 },
    { url = "https://files.pythonhosted.org/packages/42/59/71461df1a885647e10b6bb7802d0b8e66480c61f3f43079e0dcd315b3954/tomli-2.4.1-cp311-cp311-win_amd64.whl", hash = "sha256:5ee18d9ebdb417e384b58fe414e8d6af9f4e7a0ae761519fb50f721de398dd4e", size = 108084 },
    { url = "https://files.pythonhosted.org/packages/b8/83/dceca96142499c069475b790e7913b1044c1a4337e700751f48ed723f883/tomli-2.4.1-cp311-cp311-win_arm64.whl", hash = "sha256:c2541745709bad0264b7d4705ad453b76ccd191e64aa6f0fc66b69a293a45ece", size = 95285 },
    { url = "https://files.pythonhosted.org/packages/c1/ba/42f134a3fe2b370f555f44b1d72feebb94debcab01676bf918d0cb70e9aa/tomli-2.4.1-cp312-cp312-macosx_10_13_x86_64.whl", hash = "sha256:c742f741d58a28940ce01d58f0ab2ea3ced8b12402f162f4d534dfe18ba1cd6a", size = 155924 },
    { url = "https://files.pythonhosted.org/packages/dc/c7/62d7a17c26487ade21c5422b646110f2162f1fcc95980ef7f63e73c68f14/tomli-2.4.1-cp312-cp312-macosx_11_0_arm64.whl", hash = "sha256:7f86fd587c4ed9dd76f318225e7d9b29cfc5a9d43de44e5754db8d1128487085", size = 150018 },
    { url = "https://files.pythonhosted.org/packages/5c/05/79d13d7c15f13bdef410bdd49a6485b1c37d28968314eabee452c22a7fda/tomli-2.4.1-cp312-cp312-manylinux2014_aarch64.manylinux_2_17_aarch64.manylinux_2_28_aarch64.whl", hash = "sha256:ff18e6a727ee0ab0388507b89d1bc6a22b138d1e2fa56d1ad494586d61d2eae9", size = 244948 },
    { url = "https://files.pythonhosted.org/packages/10/90/d62ce007a1c80d0b2c93e02cab211224756240884751b94ca72df8a875ca/tomli-2.4.1-cp312-cp312-manylinux2014_x86_64.manylinux_2_17_x86_64.manylinux_2_28_x86_64.whl", hash = "sha256:136443dbd7e1dee43c68ac2694fde36b2849865fa258d39bf822c10e8068eac5", size = 253341 },
    { url = "https://files.pythonhosted.org/packages/1a/7e/caf6496d60152ad4ed09282c1885cca4eea150bfd007da84aea07bcc0a3e/tomli-2.4.1-cp312-cp312-musllinux_1_2_aarch64.whl", hash = "sha256:5e262d41726bc187e69af7825504c933b6794dc3fbd5945e41a79bb14c31f585", size = 248159 },
    { url = "https://files.pythonhosted.org/packages/99/e7/c6f69c3120de34bbd882c6fba7975f3d7a746e9218e56ab46a1bc4b42552/tomli-2.4.1-cp312-cp312-musllinux_1_2_x86_64.whl", hash = "sha256:5cb41aa38891e073ee49d55fbc7839cfdb2bc0e600add13874d048c94aadddd1", size = 253290 },
    { url = "https://files.pythonhosted.org/packages/d6/2f/4a3c322f22c5c66c4b836ec58211641a4067364f5dcdd7b974b4c5da300c/tomli-2.4.1-cp312-cp312-win32.whl", hash = "sha256:da25dc3563bff5965356133435b757a795a17b17d01dbc0f42fb32447ddfd917", size = 98141 },
    { url = "https://files.pythonhosted.org/packages/24/22/4daacd05391b92c55759d55eaee21e1dfaea86ce5c571f10083360adf534/tomli-2.4.1-cp312-cp312-win_amd64.whl", hash = "sha256:52c8ef851d9a240f11a88c003eacb03c31fc1c9c4ec64a99a0f922b93874fda9", size = 108847 },
    { url = "https://files.pythonhosted.org/packages/68/fd/70e768887666ddd9e9f5d85129e84910f2db2796f9096aa02b721a53098d/tomli-2.4.1-cp312-cp312-win_arm64.whl", hash = "sha256:f758f1b9299d059cc3f6546ae2af89670cb1c4d48ea29c3cacc4fe7de3058257", size = 95088 },
    { url = "https://files.pythonhosted.org/packages/07/06/b823a7e818c756d9a7123ba2cda7d07bc2dd32835648d1a7b7b7a05d848d/tomli-2.4.1-cp313-cp313-macosx_10_13_x86_64.whl", hash = "sha256:36d2bd2ad5fb9eaddba5226aa02c8ec3fa4f192631e347b3ed28186d43be6b54", size = 155866 },
    { url = "https://files.pythonhosted.org/packages/14/6f/12645cf7f08e1a20c7eb8c297c6f11d31c1b50f316a7e7e1e1de6e2e7b7e/tomli-2.4.1-cp313-cp313-macosx_11_0_arm64.whl", hash = "sha256:eb0dc4e38e6a1fd579e5d50369aa2e10acfc9cace504579b2faabb478e76941a", size = 149887 },
    { url = "https://files.pythonhosted.org/packages/5c/e0/90637574e5e7212c09099c67ad349b04ec4d6020324539297b634a0192b0/tomli-2.4.1-cp313-cp313-manylinux2014_aarch64.manylinux_2_17_aarch64.manylinux_2_28_aarch64.whl", hash = "sha256:c7f2c7f2b9ca6bdeef8f0fa897f8e05085923eb091721675170254cbc5b02897", size = 243704 },
    { url = "https://files.pythonhosted.org/packages/10/8f/d3ddb16c5a4befdf31a23307f72828686ab2096f068eaf56631e136c1fdd/tomli-2.4.1-cp313-cp313-manylinux2014_x86_64.manylinux_2_17_x86_64.manylinux_2_28_x86_64.whl", hash = "sha256:f3c6818a1a86dd6dca7ddcaaf76947d5ba31aecc28cb1b67009a5877c9a64f3f", size = 251628 },
    { url = "https://files.pythonhosted.org/packages/e3/f1/dbeeb9116715abee2485bf0a12d07a8f31af94d71608c171c45f64c0469d/tomli-2.4.1-cp313-cp313-musllinux_1_2_aarch64.whl", hash = "sha256:d312ef37c91508b0ab2cee7da26ec0b3ed2f03ce12bd87a588d771ae15dcf82d", size = 247180 },
    { url = "https://files.pythonhosted.org/packages/d3/74/16336ffd19ed4da28a70959f92f506233bd7cfc2332b20bdb01591e8b1d1/tomli-2.4.1-cp313-cp313-musllinux_1_2_x86_64.whl", hash = "sha256:51529d40e3ca50046d7606fa99ce3956a617f9b36380da3b7f0dd3dd28e68cb5", size = 251674 },
    { url = "https://files.pythonhosted.org/packages/16/f9/229fa3434c590ddf6c0aa9af64d3af4b752540686cace29e6281e3458469/tomli-2.4.1-cp313-cp313-win32.whl", hash = "sha256:2190f2e9dd7508d2a90ded5ed369255980a1bcdd58e52f7fe24b8162bf9fedbd", size = 97976 },
    { url = "https://files.pythonhosted.org/packages/6a/1e/71dfd96bcc1c775420cb8befe7a9d35f2e5b1309798f009dca17b7708c1e/tomli-2.4.1-cp313-cp313-win_amd64.whl", hash = "sha256:8d65a2fbf9d2f8352685bc1364177ee3923d6baf5e7f43ea4959d7d8bc326a36", size = 108755 },
    { url = "https://files.pythonhosted.org/packages/83/7a/d34f422a021d62420b78f5c538e5b102f62bea616d1d75a13f0a88acb04a/tomli-2.4.1-cp313-cp313-win_arm64.whl", hash = "sha256:4b605484e43cdc43f0954ddae319fb75f04cc10dd80d830540060ee7cd0243cd", size = 95265 },
    { url = "https://files.pythonhosted.org/packages/3c/fb/9a5c8d27dbab540869f7c1f8eb0abb3244189ce780ba9cd73f3770662072/tomli-2.4.1-cp314-cp314-macosx_10_15_x86_64.whl", hash = "sha256:fd0409a3653af6c147209d267a0e4243f0ae46b011aa978b1080359fddc9b6cf", size = 155726 },
    { url = "https://files.pythonhosted.org/packages/62/05/d2f816630cc771ad836af54f5001f47a6f611d2d39535364f148b6a92d6b/tomli-2.4.1-cp314-cp314-macosx_11_0_arm64.whl", hash = "sha256:a120733b01c45e9a0c34aeef92bf0cf1d56cfe81ed9d47d562f9ed591a9828ac", size = 149859 },
    { url = "https://files.pythonhosted.org/packages/ce/48/66341bdb858ad9bd0ceab5a86f90eddab127cf8b046418009f2125630ecb/tomli-2.4.1-cp314-cp314-manylinux2014_aarch64.manylinux_2_17_aarch64.manylinux_2_28_aarch64.whl", hash = "sha256:559db847dc486944896521f68d8190be1c9e719fced785720d2216fe7022b662", size = 244713 },
    { url = "https://files.pythonhosted.org/packages/df/6d/c5fad00d82b3c7a3ab6189bd4b10e60466f22cfe8a08a9394185c8a8111c/tomli-2.4.1-cp314-cp314-manylinux2014_x86_64.manylinux_2_17_x86_64.manylinux_2_28_x86_64.whl", hash = "sha256:01f520d4f53ef97964a240a035ec2a869fe1a37dde002b57ebc4417a27ccd853", size = 252084 },
    { url = "https://files.pythonhosted.org/packages/00/71/3a69e86f3eafe8c7a59d008d245888051005bd657760e96d5fbfb0b740c2/tomli-2.4.1-cp314-cp314-musllinux_1_2_aarch64.whl", hash = "sha256:7f94b27a62cfad8496c8d2513e1a222dd446f095fca8987fceef261225538a15", size = 247973 },
    { url = "https://files.pythonhosted.org/packages/67/50/361e986652847fec4bd5e4a0208752fbe64689c603c7ae5ea7cb16b1c0ca/tomli-2.4.1-cp314-cp314-musllinux_1_2_x86_64.whl", hash = "sha256:ede3e6487c5ef5d28634ba3f31f989030ad6af71edfb0055cbbd14189ff240ba", size = 256223 },
    { url = "https://files.pythonhosted.org/packages/8c/9a/b4173689a9203472e5467217e0154b00e260621caa227b6fa01feab16998/tomli-2.4.1-cp314-cp314-win32.whl", hash = "sha256:3d48a93ee1c9b79c04bb38772ee1b64dcf18ff43085896ea460ca8dec96f35f6", size = 98973 },
    { url = "https://files.pythonhosted.org/packages/14/58/640ac93bf230cd27d002462c9af0d837779f8773bc03dee06b5835208214/tomli-2.4.1-cp314-cp314-win_amd64.whl", hash = "sha256:88dceee75c2c63af144e456745e10101eb67361050196b0b6af5d717254dddf7", size = 109082 },
    { url = "https://files.pythonhosted.org/packages/d5/2f/702d5e05b227401c1068f0d386d79a589bb12bf64c3d2c72ce0631e3bc49/tomli-2.4.1-cp314-cp314-win_arm64.whl", hash = "sha256:b8c198f8c1805dc42708689ed6864951fd2494f924149d3e4bce7710f8eb5232", size = 96490 },
    { url = "https://files.pythonhosted.org/packages/45/4b/b877b05c8ba62927d9865dd980e34a755de541eb65fffba52b4cc495d4d2/tomli-2.4.1-cp314-cp314t-macosx_10_15_x86_64.whl", hash = "sha256:d4d8fe59808a54658fcc0160ecfb1b30f9089906c50b23bcb4c69eddc19ec2b4", size = 164263 },
    { url = "https://files.pythonhosted.org/packages/24/79/6ab420d37a270b89f7195dec5448f79400d9e9c1826df982f3f8e97b24fd/tomli-2.4.1-cp314-cp314t-macosx_11_0_arm64.whl", hash = "sha256:7008df2e7655c495dd12d2a4ad038ff878d4ca4b81fccaf82b714e07eae4402c", size = 160736 },
    { url = "https://files.pythonhosted.org/packages/02/e0/3630057d8eb170310785723ed5adcdfb7d50cb7e6455f85ba8a3deed642b/tomli-2.4.1-cp314-cp314t-manylinux2014_aarch64.manylinux_2_17_aarch64.manylinux_2_28_aarch64.whl", hash = "sha256:1d8591993e228b0c930c4bb0db464bdad97b3289fb981255d6c9a41aedc84b2d", size = 270717 },
    { url = "https://files.pythonhosted.org/packages/7a/b4/1613716072e544d1a7891f548d8f9ec6ce2faf42ca65acae01d76ea06bb0/tomli-2.4.1-cp314-cp314t-manylinux2014_x86_64.manylinux_2_17_x86_64.manylinux_2_28_x86_64.whl", hash = "sha256:734e20b57ba95624ecf1841e72b53f6e186355e216e5412de414e3c51e5e3c41", size = 278461 },
    { url = "https://files.pythonhosted.org/packages/05/38/30f541baf6a3f6df77b3df16b01ba319221389e2da59427e221ef417ac0c/tomli-2.4.1-cp314-cp314t-musllinux_1_2_aarch64.whl", hash = "sha256:8a650c2dbafa08d42e51ba0b62740dae4ecb9338eefa093aa5c78ceb546fcd5c", size = 274855 },
    { url = "https://files.pythonhosted.org/packages/77/a3/ec9dd4fd2c38e98de34223b995a3b34813e6bdadf86c75314c928350ed14/tomli-2.4.1-cp314-cp314t-musllinux_1_2_x86_64.whl", hash = "sha256:504aa796fe0569bb43171066009ead363de03675276d2d121ac1a4572397870f", size = 283144 },
    { url = "https://files.pythonhosted.org/packages/ef/be/605a6261cac79fba2ec0c9827e986e00323a1945700969b8ee0b30d85453/tomli-2.4.1-cp314-cp314t-win32.whl", hash = "sha256:b1d22e6e9387bf4739fbe23bfa80e93f6b0373a7f1b96c6227c32bef95a4d7a8", size = 108683 },
    { url = "https://files.pythonhosted.org/packages/12/64/da524626d3b9cc40c168a13da8335fe1c51be12c0a63685cc6db7308daae/tomli-2.4.1-cp314-cp314t-win_amd64.whl", hash = "sha256:2c1c351919aca02858f740c6d33adea0c5deea37f9ecca1cc1ef9e884a619d26", size = 121196 },
    { url = "https://files.pythonhosted.org/packages/5a/cd/e80b62269fc78fc36c9af5a6b89c835baa8af28ff5ad28c7028d60860320/tomli-2.4.1-cp314-cp314t-win_arm64.whl", hash = "sha256:eab21f45c7f66c13f2a9e0e1535309cee140182a9cdae1e041d02e47291e8396", size = 100393 },
    { url = "https://files.pythonhosted.org/packages/7b/61/cceae43728b7de99d9b847560c262873a1f6c98202171fd5ed62640b494b/tomli-2.4.1-py3-none-any.whl", hash = "sha256:0d85819802132122da43cb86656f8d1f8c6587d54ae7dcaf30e90533028b49fe", size = 14583 },
]

[[package]]
name = "tomlkit"
version = "0.15.1"
source = { registry = "https://pypi.org/simple" }
sdist = { url = "https://files.pythonhosted.org/packages/94/96/e07752635b98536177fa1f37671c8f3cdde2e724c6bcf6034b2cfb571565/tomlkit-0.15.1.tar.gz", hash = "sha256:e25bbf38843005246210a12982776f27f99cb9be67160e14434d0c0d21ee1e97", size = 180129 }
wheels = [
    { url = "https://files.pythonhosted.org/packages/13/bc/8c13eb66537dce1d2bd3a57132902f38d0e7f5bb46fa9f4daed9fe9d76ee/tomlkit-0.15.1-py3-none-any.whl", hash = "sha256:177a05aece5a8ca5266fd3c448abb47b8d352f09d477d3ca8332db4d89b24304", size = 49449 },
]

[[package]]
name = "typing-extensions"
version = "4.16.0"
source = { registry = "https://pypi.org/simple" }
sdist = { url = "https://files.pythonhosted.org/packages/f6/cc/6253133b5bb138fc3306cebfbda2c520f545d36b5be2c7255cc528bb45d6/typing_extensions-4.16.0.tar.gz", hash = "sha256:dc983d19a509c94dba722ee6abd33940f7c05a89e243c47e907eb4db6f1a43e5", size = 113555 }
wheels = [
    { url = "https://files.pythonhosted.org/packages/49/d3/b8441a820a491ddfc024b0b0cf0393375b75ea13866d9c66727e54c2fc80/typing_extensions-4.16.0-py3-none-any.whl", hash = "sha256:481caa481374e813c1b176ada14e97f1f67a4539ce9cfeb3f350d78d6370c2e8", size = 45571 },
]
